# THIS IS AN AUTOGENERATED FILE. DO NOT EDIT THIS FILE DIRECTLY.
# yarn lockfile v1


"@types/node@^18.11.15":
  version "18.11.15"
  resolved "https://registry.yarnpkg.com/@types/node/-/node-18.11.15.tgz#de0e1fbd2b22b962d45971431e2ae696643d3f5d"
  integrity sha512-VkhBbVo2+2oozlkdHXLrb3zjsRkpdnaU2bXmX8Wgle3PUi569eLRaHGlgETQHR7lLL1w7GiG3h9SnePhxNDecw==
